
Microsoft Visual Studio Solution File, Format Version 12.00
# Visual Studio Version 17
VisualStudioVersion = 17.14.36915.13 d17.14
MinimumVisualStudioVersion = 10.0.40219.1
Project("{FAE04EC0-301F-11D3-BF4B-00C04F79EFBC}") = "SimulDIESEL", "SimulDIESEL\SimulDIESEL.csproj", "{D3CE66C7-8D4F-460C-A166-3CE7D230508B}"
EndProject
Global
	GlobalSection(SolutionConfigurationPlatforms) = preSolution
		Debug|Any CPU = Debug|Any CPU
		Release|Any CPU = Release|Any CPU
	EndGlobalSection
	GlobalSection(ProjectConfigurationPlatforms) = postSolution
		{D3CE66C7-8D4F-460C-A166-3CE7D230508B}.Debug|Any CPU.ActiveCfg = Debug|Any CPU
		{D3CE66C7-8D4F-460C-A166-3CE7D230508B}.Debug|Any CPU.Build.0 = Debug|Any CPU
		{D3CE66C7-8D4F-460C-A166-3CE7D230508B}.Release|Any CPU.ActiveCfg = Release|Any CPU
		{D3CE66C7-8D4F-460C-A166-3CE7D230508B}.Release|Any CPU.Build.0 = Release|Any CPU
	EndGlobalSection
	GlobalSection(SolutionProperties) = preSolution
		HideSolutionNode = FALSE
	EndGlobalSection
	GlobalSection(ExtensibilityGlobals) = postSolution
		SolutionGuid = {90C2D0DA-8B61-46D7-B058-22F5EA153E12}
	EndGlobalSection
EndGlobal
